
Microsoft Visual Studio Solution File, Format Version 12.00
# Visual Studio Version 16
VisualStudioVersion = 16.0.29409.12
MinimumVisualStudioVersion = 10.0.40219.1
Project("{FAE04EC0-301F-11D3-BF4B-00C04F79EFBC}") = "AppGenerator", "AppGenerator\AppGenerator.csproj", "{7AA5C7DC-4EF8-4568-9415-ED8C92384F9E}"
EndProject
Global
	GlobalSection(SolutionConfigurationPlatforms) = preSolution
		Debug|Any CPU = Debug|Any CPU
		Release|Any CPU = Release|Any CPU
	EndGlobalSection
	GlobalSection(ProjectConfigurationPlatforms) = postSolution
		{7AA5C7DC-4EF8-4568-9415-ED8C92384F9E}.Debug|Any CPU.ActiveCfg = Debug|Any CPU
		{7AA5C7DC-4EF8-4568-9415-ED8C92384F9E}.Debug|Any CPU.Build.0 = Debug|Any CPU
		{7AA5C7DC-4EF8-4568-9415-ED8C92384F9E}.Release|Any CPU.ActiveCfg = Release|Any CPU
		{7AA5C7DC-4EF8-4568-9415-ED8C92384F9E}.Release|Any CPU.Build.0 = Release|Any CPU
	EndGlobalSection
	GlobalSection(SolutionProperties) = preSolution
		HideSolutionNode = FALSE
	EndGlobalSection
	GlobalSection(ExtensibilityGlobals) = postSolution
		SolutionGuid = {DC40AB86-35FE-444B-BC51-5E3C3D7B4F44}
	EndGlobalSection
EndGlobal
