
Microsoft Visual Studio Solution File, Format Version 12.00
# Visual Studio Version 16
VisualStudioVersion = 16.0.29102.190
MinimumVisualStudioVersion = 10.0.40219.1
Project("{A07B5EB6-E848-4116-A8D0-A826331D98C6}") = "ClusterEmulator", "ClusterEmulator\ClusterEmulator.sfproj", "{F097A1A3-4AE0-4B2B-B7A8-47F92BFCBE1A}"
EndProject
Project("{FAE04EC0-301F-11D3-BF4B-00C04F79EFBC}") = "CoreService", "CoreService\CoreService.csproj", "{6F6A7A52-F4E3-4279-80FB-75D571E249D4}"
EndProject
Global
	GlobalSection(SolutionConfigurationPlatforms) = preSolution
		Debug|Any CPU = Debug|Any CPU
		Debug|x64 = Debug|x64
		Release|Any CPU = Release|Any CPU
		Release|x64 = Release|x64
	EndGlobalSection
	GlobalSection(ProjectConfigurationPlatforms) = postSolution
		{F097A1A3-4AE0-4B2B-B7A8-47F92BFCBE1A}.Debug|Any CPU.ActiveCfg = Debug|x64
		{F097A1A3-4AE0-4B2B-B7A8-47F92BFCBE1A}.Debug|x64.ActiveCfg = Debug|x64
		{F097A1A3-4AE0-4B2B-B7A8-47F92BFCBE1A}.Debug|x64.Build.0 = Debug|x64
		{F097A1A3-4AE0-4B2B-B7A8-47F92BFCBE1A}.Debug|x64.Deploy.0 = Debug|x64
		{F097A1A3-4AE0-4B2B-B7A8-47F92BFCBE1A}.Release|Any CPU.ActiveCfg = Release|x64
		{F097A1A3-4AE0-4B2B-B7A8-47F92BFCBE1A}.Release|x64.ActiveCfg = Release|x64
		{F097A1A3-4AE0-4B2B-B7A8-47F92BFCBE1A}.Release|x64.Build.0 = Release|x64
		{F097A1A3-4AE0-4B2B-B7A8-47F92BFCBE1A}.Release|x64.Deploy.0 = Release|x64
		{6F6A7A52-F4E3-4279-80FB-75D571E249D4}.Debug|Any CPU.ActiveCfg = Debug|Any CPU
		{6F6A7A52-F4E3-4279-80FB-75D571E249D4}.Debug|Any CPU.Build.0 = Debug|Any CPU
		{6F6A7A52-F4E3-4279-80FB-75D571E249D4}.Debug|x64.ActiveCfg = Debug|Any CPU
		{6F6A7A52-F4E3-4279-80FB-75D571E249D4}.Debug|x64.Build.0 = Debug|Any CPU
		{6F6A7A52-F4E3-4279-80FB-75D571E249D4}.Release|Any CPU.ActiveCfg = Release|Any CPU
		{6F6A7A52-F4E3-4279-80FB-75D571E249D4}.Release|Any CPU.Build.0 = Release|Any CPU
		{6F6A7A52-F4E3-4279-80FB-75D571E249D4}.Release|x64.ActiveCfg = Release|Any CPU
		{6F6A7A52-F4E3-4279-80FB-75D571E249D4}.Release|x64.Build.0 = Release|Any CPU
	EndGlobalSection
	GlobalSection(SolutionProperties) = preSolution
		HideSolutionNode = FALSE
	EndGlobalSection
	GlobalSection(ExtensibilityGlobals) = postSolution
		SolutionGuid = {F25B5E0A-137A-4532-8652-9F889602578B}
	EndGlobalSection
EndGlobal
